{
  "requires": true,
  "lockfileVersion": 1,
  "dependencies": {
    "qrcode.vue": {
      "version": "3.3.3",
      "resolved": "https://registry.npmjs.org/qrcode.vue/-/qrcode.vue-3.3.3.tgz",
      "integrity": "sha512-OsD4tQjIbxg/K6D5ZkWjBdYI9eg9K2i8qeYILdEAX5mdAydSAxV7xKmmZSP/hA12olLqEMZ9ryqDQrwa9jEMgw=="
    }
  }
}
